
Microsoft Visual Studio Solution File, Format Version 12.00
# Visual Studio Version 16
VisualStudioVersion = 16.0.30413.136
MinimumVisualStudioVersion = 10.0.40219.1
Project("{FAE04EC0-301F-11D3-BF4B-00C04F79EFBC}") = "ERPAssist", "ERPAssist\ERPAssist.csproj", "{EF55A0BA-AA48-49D9-BE17-F2E3D6458BB8}"
EndProject
Global
	GlobalSection(SolutionConfigurationPlatforms) = preSolution
		Debug|Any CPU = Debug|Any CPU
		Release|Any CPU = Release|Any CPU
	EndGlobalSection
	GlobalSection(ProjectConfigurationPlatforms) = postSolution
		{EF55A0BA-AA48-49D9-BE17-F2E3D6458BB8}.Debug|Any CPU.ActiveCfg = Debug|Any CPU
		{EF55A0BA-AA48-49D9-BE17-F2E3D6458BB8}.Debug|Any CPU.Build.0 = Debug|Any CPU
		{EF55A0BA-AA48-49D9-BE17-F2E3D6458BB8}.Release|Any CPU.ActiveCfg = Release|Any CPU
		{EF55A0BA-AA48-49D9-BE17-F2E3D6458BB8}.Release|Any CPU.Build.0 = Release|Any CPU
	EndGlobalSection
	GlobalSection(SolutionProperties) = preSolution
		HideSolutionNode = FALSE
	EndGlobalSection
	GlobalSection(ExtensibilityGlobals) = postSolution
		SolutionGuid = {EE2F22C4-CF2B-4ADA-9CFD-D4D1FE4B24AA}
	EndGlobalSection
EndGlobal
